
Microsoft Visual Studio Solution File, Format Version 12.00
# Visual Studio Version 17
VisualStudioVersion = 17.5.33424.131
MinimumVisualStudioVersion = 10.0.40219.1
Project("{9A19103F-16F7-4668-BE54-9A1E7A4F7556}") = "HouseSale.Blazor", "HouseSale.Blazor\HouseSale.Blazor.csproj", "{0E7BFA77-42AA-4342-B0A9-3F7EE97EF3CA}"
EndProject
Project("{9A19103F-16F7-4668-BE54-9A1E7A4F7556}") = "HouseSale.Domain", "HouseSale.Domain\HouseSale.Domain.csproj", "{801DAB81-33EE-4EFF-AFFD-EAC8D39F426D}"
EndProject
Project("{9A19103F-16F7-4668-BE54-9A1E7A4F7556}") = "HouseSale.Infrastructure", "HouseSale.Infrastructure\HouseSale.Infrastructure.csproj", "{A29644E4-E133-4D72-A98F-F5501CBEB419}"
EndProject
Project("{9A19103F-16F7-4668-BE54-9A1E7A4F7556}") = "HouseSale.Application", "HouseSale.Application\HouseSale.Application.csproj", "{D5BD4D0E-DD95-4425-8619-A2D96D31284D}"
EndProject
Global
	GlobalSection(SolutionConfigurationPlatforms) = preSolution
		Debug|Any CPU = Debug|Any CPU
		Release|Any CPU = Release|Any CPU
	EndGlobalSection
	GlobalSection(ProjectConfigurationPlatforms) = postSolution
		{0E7BFA77-42AA-4342-B0A9-3F7EE97EF3CA}.Debug|Any CPU.ActiveCfg = Debug|Any CPU
		{0E7BFA77-42AA-4342-B0A9-3F7EE97EF3CA}.Debug|Any CPU.Build.0 = Debug|Any CPU
		{0E7BFA77-42AA-4342-B0A9-3F7EE97EF3CA}.Release|Any CPU.ActiveCfg = Release|Any CPU
		{0E7BFA77-42AA-4342-B0A9-3F7EE97EF3CA}.Release|Any CPU.Build.0 = Release|Any CPU
		{801DAB81-33EE-4EFF-AFFD-EAC8D39F426D}.Debug|Any CPU.ActiveCfg = Debug|Any CPU
		{801DAB81-33EE-4EFF-AFFD-EAC8D39F426D}.Debug|Any CPU.Build.0 = Debug|Any CPU
		{801DAB81-33EE-4EFF-AFFD-EAC8D39F426D}.Release|Any CPU.ActiveCfg = Release|Any CPU
		{801DAB81-33EE-4EFF-AFFD-EAC8D39F426D}.Release|Any CPU.Build.0 = Release|Any CPU
		{A29644E4-E133-4D72-A98F-F5501CBEB419}.Debug|Any CPU.ActiveCfg = Debug|Any CPU
		{A29644E4-E133-4D72-A98F-F5501CBEB419}.Debug|Any CPU.Build.0 = Debug|Any CPU
		{A29644E4-E133-4D72-A98F-F5501CBEB419}.Release|Any CPU.ActiveCfg = Release|Any CPU
		{A29644E4-E133-4D72-A98F-F5501CBEB419}.Release|Any CPU.Build.0 = Release|Any CPU
		{D5BD4D0E-DD95-4425-8619-A2D96D31284D}.Debug|Any CPU.ActiveCfg = Debug|Any CPU
		{D5BD4D0E-DD95-4425-8619-A2D96D31284D}.Debug|Any CPU.Build.0 = Debug|Any CPU
		{D5BD4D0E-DD95-4425-8619-A2D96D31284D}.Release|Any CPU.ActiveCfg = Release|Any CPU
		{D5BD4D0E-DD95-4425-8619-A2D96D31284D}.Release|Any CPU.Build.0 = Release|Any CPU
	EndGlobalSection
	GlobalSection(SolutionProperties) = preSolution
		HideSolutionNode = FALSE
	EndGlobalSection
	GlobalSection(ExtensibilityGlobals) = postSolution
		SolutionGuid = {F6152F07-9220-4D3D-A92F-9548E3664D5A}
	EndGlobalSection
EndGlobal
